// !$*UTF8*$!
{
	archiveVersion = 1;
	classes = {
	};
	objectVersion = 46;
	objects = {

/* Begin PBXBuildFile section */
		4FEC85E81E6FFFCE006DC4DB /* main.m in Sources */ = {isa = PBXBuildFile; fileRef = 4FEC85E71E6FFFCE006DC4DB /* main.m */; };
		4FEC85EB1E6FFFCE006DC4DB /* AppDelegate.m in Sources */ = {isa = PBXBuildFile; fileRef = 4FEC85EA1E6FFFCE006DC4DB /* AppDelegate.m */; };
		4FEC85EE1E6FFFCE006DC4DB /* ViewController.m in Sources */ = {isa = PBXBuildFile; fileRef = 4FEC85ED1E6FFFCE006DC4DB /* ViewController.m */; };
		4FEC85F11E6FFFCE006DC4DB /* Main.storyboard in Resources */ = {isa = PBXBuildFile; fileRef = 4FEC85EF1E6FFFCE006DC4DB /* Main.storyboard */; };
		4FEC85F31E6FFFCE006DC4DB /* Assets.xcassets in Resources */ = {isa = PBXBuildFile; fileRef = 4FEC85F21E6FFFCE006DC4DB /* Assets.xcassets */; };
		4FEC85F61E6FFFCE006DC4DB /* LaunchScreen.storyboard in Resources */ = {isa = PBXBuildFile; fileRef = 4FEC85F41E6FFFCE006DC4DB /* LaunchScreen.storyboard */; };
		4FEC86011E6FFFCE006DC4DB /* CustomeAlertViewTests.m in Sources */ = {isa = PBXBuildFile; fileRef = 4FEC86001E6FFFCE006DC4DB /* CustomeAlertViewTests.m */; };
		4FEC860C1E6FFFCE006DC4DB /* CustomeAlertViewUITests.m in Sources */ = {isa = PBXBuildFile; fileRef = 4FEC860B1E6FFFCE006DC4DB /* CustomeAlertViewUITests.m */; };
/* End PBXBuildFile section */

/* Begin PBXContainerItemProxy section */
		4FEC85FD1E6FFFCE006DC4DB /* PBXContainerItemProxy */ = {
			isa = PBXContainerItemProxy;
			containerPortal = 4FEC85DB1E6FFFCE006DC4DB /* Project object */;
			proxyType = 1;
			remoteGlobalIDString = 4FEC85E21E6FFFCE006DC4DB;
			remoteInfo = CustomeAlertView;
		};
		4FEC86081E6FFFCE006DC4DB /* PBXContainerItemProxy */ = {
			isa = PBXContainerItemProxy;
			containerPortal = 4FEC85DB1E6FFFCE006DC4DB /* Project object */;
			proxyType = 1;
			remoteGlobalIDString = 4FEC85E21E6FFFCE006DC4DB;
			remoteInfo = CustomeAlertView;
		};
/* End PBXContainerItemProxy section */

/* Begin PBXFileReference section */
		4FEC85E31E6FFFCE006DC4DB /* CustomeAlertView.app */ = {isa = PBXFileReference; explicitFileType = wrapper.application; includeInIndex = 0; path = CustomeAlertView.app; sourceTree = BUILT_PRODUCTS_DIR; };
		4FEC85E71E6FFFCE006DC4DB /* main.m */ = {isa = PBXFileReference; lastKnownFileType = sourcecode.c.objc; path = main.m; sourceTree = "<group>"; };
		4FEC85E91E6FFFCE006DC4DB /* AppDelegate.h */ = {isa = PBXFileReference; lastKnownFileType = sourcecode.c.h; path = AppDelegate.h; sourceTree = "<group>"; };
		4FEC85EA1E6FFFCE006DC4DB /* AppDelegate.m */ = {isa = PBXFileReference; lastKnownFileType = sourcecode.c.objc; path = AppDelegate.m; sourceTree = "<group>"; };
		4FEC85EC1E6FFFCE006DC4DB /* ViewController.h */ = {isa = PBXFileReference; lastKnownFileType = sourcecode.c.h; path = ViewController.h; sourceTree = "<group>"; };
		4FEC85ED1E6FFFCE006DC4DB /* ViewController.m */ = {isa = PBXFileReference; lastKnownFileType = sourcecode.c.objc; path = ViewController.m; sourceTree = "<group>"; };
		4FEC85F01E6FFFCE006DC4DB /* Base */ = {isa = PBXFileReference; lastKnownFileType = file.storyboard; name = Base; path = Base.lproj/Main.storyboard; sourceTree = "<group>"; };
		4FEC85F21E6FFFCE006DC4DB /* Assets.xcassets */ = {isa = PBXFileReference; lastKnownFileType = folder.assetcatalog; path = Assets.xcassets; sourceTree = "<group>"; };
		4FEC85F51E6FFFCE006DC4DB /* Base */ = {isa = PBXFileReference; lastKnownFileType = file.storyboard; name = Base; path = Base.lproj/LaunchScreen.storyboard; sourceTree = "<group>"; };
		4FEC85F71E6FFFCE006DC4DB /* Info.plist */ = {isa = PBXFileReference; lastKnownFileType = text.plist.xml; path = Info.plist; sourceTree = "<group>"; };
		4FEC85FC1E6FFFCE006DC4DB /* CustomeAlertViewTests.xctest */ = {isa = PBXFileReference; explicitFileType = wrapper.cfbundle; includeInIndex = 0; path = CustomeAlertViewTests.xctest; sourceTree = BUILT_PRODUCTS_DIR; };
		4FEC86001E6FFFCE006DC4DB /* CustomeAlertViewTests.m */ = {isa = PBXFileReference; lastKnownFileType = sourcecode.c.objc; path = CustomeAlertViewTests.m; sourceTree = "<group>"; };
		4FEC86021E6FFFCE006DC4DB /* Info.plist */ = {isa = PBXFileReference; lastKnownFileType = text.plist.xml; path = Info.plist; sourceTree = "<group>"; };
		4FEC86071E6FFFCE006DC4DB /* CustomeAlertViewUITests.xctest */ = {isa = PBXFileReference; explicitFileType = wrapper.cfbundle; includeInIndex = 0; path = CustomeAlertViewUITests.xctest; sourceTree = BUILT_PRODUCTS_DIR; };
		4FEC860B1E6FFFCE006DC4DB /* CustomeAlertViewUITests.m */ = {isa = PBXFileReference; lastKnownFileType = sourcecode.c.objc; path = CustomeAlertViewUITests.m; sourceTree = "<group>"; };
		4FEC860D1E6FFFCE006DC4DB /* Info.plist */ = {isa = PBXFileReference; lastKnownFileType = text.plist.xml; path = Info.plist; sourceTree = "<group>"; };
/* End PBXFileReference section */

/* Begin PBXFrameworksBuildPhase section */
		4FEC85E01E6FFFCE006DC4DB /* Frameworks */ = {
			isa = PBXFrameworksBuildPhase;
			buildActionMask = 2147483647;
			files = (
			);
			runOnlyForDeploymentPostprocessing = 0;
		};
		4FEC85F91E6FFFCE006DC4DB /* Frameworks */ = {
			isa = PBXFrameworksBuildPhase;
			buildActionMask = 2147483647;
			files = (
			);
			runOnlyForDeploymentPostprocessing = 0;
		};
		4FEC86041E6FFFCE006DC4DB /* Frameworks */ = {
			isa = PBXFrameworksBuildPhase;
			buildActionMask = 2147483647;
			files = (
			);
			runOnlyForDeploymentPostprocessing = 0;
		};
/* End PBXFrameworksBuildPhase section */

/* Begin PBXGroup section */
		4FEC85DA1E6FFFCE006DC4DB = {
			isa = PBXGroup;
			children = (
				4FEC85E51E6FFFCE006DC4DB /* CustomeAlertView */,
				4FEC85FF1E6FFFCE006DC4DB /* CustomeAlertViewTests */,
				4FEC860A1E6FFFCE006DC4DB /* CustomeAlertViewUITests */,
				4FEC85E41E6FFFCE006DC4DB /* Products */,
			);
			sourceTree = "<group>";
		};
		4FEC85E41E6FFFCE006DC4DB /* Products */ = {
			isa = PBXGroup;
			children = (
				4FEC85E31E6FFFCE006DC4DB /* CustomeAlertView.app */,
				4FEC85FC1E6FFFCE006DC4DB /* CustomeAlertViewTests.xctest */,
				4FEC86071E6FFFCE006DC4DB /* CustomeAlertViewUITests.xctest */,
			);
			name = Products;
			sourceTree = "<group>";
		};
		4FEC85E51E6FFFCE006DC4DB /* CustomeAlertView */ = {
			isa = PBXGroup;
			children = (
				4FEC85E91E6FFFCE006DC4DB /* AppDelegate.h */,
				4FEC85EA1E6FFFCE006DC4DB /* AppDelegate.m */,
				4FEC85EC1E6FFFCE006DC4DB /* ViewController.h */,
				4FEC85ED1E6FFFCE006DC4DB /* ViewController.m */,
				4FEC85EF1E6FFFCE006DC4DB /* Main.storyboard */,
				4FEC85F21E6FFFCE006DC4DB /* Assets.xcassets */,
				4FEC85F41E6FFFCE006DC4DB /* LaunchScreen.storyboard */,
				4FEC85F71E6FFFCE006DC4DB /* Info.plist */,
				4FEC85E61E6FFFCE006DC4DB /* Supporting Files */,
			);
			path = CustomeAlertView;
			sourceTree = "<group>";
		};
		4FEC85E61E6FFFCE006DC4DB /* Supporting Files */ = {
			isa = PBXGroup;
			children = (
				4FEC85E71E6FFFCE006DC4DB /* main.m */,
			);
			name = "Supporting Files";
			sourceTree = "<group>";
		};
		4FEC85FF1E6FFFCE006DC4DB /* CustomeAlertViewTests */ = {
			isa = PBXGroup;
			children = (
				4FEC86001E6FFFCE006DC4DB /* CustomeAlertViewTests.m */,
				4FEC86021E6FFFCE006DC4DB /* Info.plist */,
			);
			path = CustomeAlertViewTests;
			sourceTree = "<group>";
		};
		4FEC860A1E6FFFCE006DC4DB /* CustomeAlertViewUITests */ = {
			isa = PBXGroup;
			children = (
				4FEC860B1E6FFFCE006DC4DB /* CustomeAlertViewUITests.m */,
				4FEC860D1E6FFFCE006DC4DB /* Info.plist */,
			);
			path = CustomeAlertViewUITests;
			sourceTree = "<group>";
		};
/* End PBXGroup section */

/* Begin PBXNativeTarget section */
		4FEC85E21E6FFFCE006DC4DB /* CustomeAlertView */ = {
			isa = PBXNativeTarget;
			buildConfigurationList = 4FEC86101E6FFFCE006DC4DB /* Build configuration list for PBXNativeTarget "CustomeAlertView" */;
			buildPhases = (
				4FEC85DF1E6FFFCE006DC4DB /* Sources */,
				4FEC85E01E6FFFCE006DC4DB /* Frameworks */,
				4FEC85E11E6FFFCE006DC4DB /* Resources */,
			);
			buildRules = (
			);
			dependencies = (
			);
			name = CustomeAlertView;
			productName = CustomeAlertView;
			productReference = 4FEC85E31E6FFFCE006DC4DB /* CustomeAlertView.app */;
			productType = "com.apple.product-type.application";
		};
		4FEC85FB1E6FFFCE006DC4DB /* CustomeAlertViewTests */ = {
			isa = PBXNativeTarget;
			buildConfigurationList = 4FEC86131E6FFFCE006DC4DB /* Build configuration list for PBXNativeTarget "CustomeAlertViewTests" */;
			buildPhases = (
				4FEC85F81E6FFFCE006DC4DB /* Sources */,
				4FEC85F91E6FFFCE006DC4DB /* Frameworks */,
				4FEC85FA1E6FFFCE006DC4DB /* Resources */,
			);
			buildRules = (
			);
			dependencies = (
				4FEC85FE1E6FFFCE006DC4DB /* PBXTargetDependency */,
			);
			name = CustomeAlertViewTests;
			productName = CustomeAlertViewTests;
			productReference = 4FEC85FC1E6FFFCE006DC4DB /* CustomeAlertViewTests.xctest */;
			productType = "com.apple.product-type.bundle.unit-test";
		};
		4FEC86061E6FFFCE006DC4DB /* CustomeAlertViewUITests */ = {
			isa = PBXNativeTarget;
			buildConfigurationList = 4FEC86161E6FFFCE006DC4DB /* Build configuration list for PBXNativeTarget "CustomeAlertViewUITests" */;
			buildPhases = (
				4FEC86031E6FFFCE006DC4DB /* Sources */,
				4FEC86041E6FFFCE006DC4DB /* Frameworks */,
				4FEC86051E6FFFCE006DC4DB /* Resources */,
			);
			buildRules = (
			);
			dependencies = (
				4FEC86091E6FFFCE006DC4DB /* PBXTargetDependency */,
			);
			name = CustomeAlertViewUITests;
			productName = CustomeAlertViewUITests;
			productReference = 4FEC86071E6FFFCE006DC4DB /* CustomeAlertViewUITests.xctest */;
			productType = "com.apple.product-type.bundle.ui-testing";
		};
/* End PBXNativeTarget section */

/* Begin PBXProject section */
		4FEC85DB1E6FFFCE006DC4DB /* Project object */ = {
			isa = PBXProject;
			attributes = {
				LastUpgradeCheck = 0820;
				ORGANIZATIONNAME = Kitty;
				TargetAttributes = {
					4FEC85E21E6FFFCE006DC4DB = {
						CreatedOnToolsVersion = 8.2.1;
						DevelopmentTeam = 3MJ89ESJZN;
						ProvisioningStyle = Automatic;
					};
					4FEC85FB1E6FFFCE006DC4DB = {
						CreatedOnToolsVersion = 8.2.1;
						DevelopmentTeam = 3MJ89ESJZN;
						ProvisioningStyle = Automatic;
						TestTargetID = 4FEC85E21E6FFFCE006DC4DB;
					};
					4FEC86061E6FFFCE006DC4DB = {
						CreatedOnToolsVersion = 8.2.1;
						DevelopmentTeam = 3MJ89ESJZN;
						ProvisioningStyle = Automatic;
						TestTargetID = 4FEC85E21E6FFFCE006DC4DB;
					};
				};
			};
			buildConfigurationList = 4FEC85DE1E6FFFCE006DC4DB /* Build configuration list for PBXProject "CustomeAlertView" */;
			compatibilityVersion = "Xcode 3.2";
			developmentRegion = English;
			hasScannedForEncodings = 0;
			knownRegions = (
				en,
				Base,
			);
			mainGroup = 4FEC85DA1E6FFFCE006DC4DB;
			productRefGroup = 4FEC85E41E6FFFCE006DC4DB /* Products */;
			projectDirPath = "";
			projectRoot = "";
			targets = (
				4FEC85E21E6FFFCE006DC4DB /* CustomeAlertView */,
				4FEC85FB1E6FFFCE006DC4DB /* CustomeAlertViewTests */,
				4FEC86061E6FFFCE006DC4DB /* CustomeAlertViewUITests */,
			);
		};
/* End PBXProject section */

/* Begin PBXResourcesBuildPhase section */
		4FEC85E11E6FFFCE006DC4DB /* Resources */ = {
			isa = PBXResourcesBuildPhase;
			buildActionMask = 2147483647;
			files = (
				4FEC85F61E6FFFCE006DC4DB /* LaunchScreen.storyboard in Resources */,
				4FEC85F31E6FFFCE006DC4DB /* Assets.xcassets in Resources */,
				4FEC85F11E6FFFCE006DC4DB /* Main.storyboard in Resources */,
			);
			runOnlyForDeploymentPostprocessing = 0;
		};
		4FEC85FA1E6FFFCE006DC4DB /* Resources */ = {
			isa = PBXResourcesBuildPhase;
			buildActionMask = 2147483647;
			files = (
			);
			runOnlyForDeploymentPostprocessing = 0;
		};
		4FEC86051E6FFFCE006DC4DB /* Resources */ = {
			isa = PBXResourcesBuildPhase;
			buildActionMask = 2147483647;
			files = (
			);
			runOnlyForDeploymentPostprocessing = 0;
		};
/* End PBXResourcesBuildPhase section */

/* Begin PBXSourcesBuildPhase section */
		4FEC85DF1E6FFFCE006DC4DB /* Sources */ = {
			isa = PBXSourcesBuildPhase;
			buildActionMask = 2147483647;
			files = (
				4FEC85EE1E6FFFCE006DC4DB /* ViewController.m in Sources */,
				4FEC85EB1E6FFFCE006DC4DB /* AppDelegate.m in Sources */,
				4FEC85E81E6FFFCE006DC4DB /* main.m in Sources */,
			);
			runOnlyForDeploymentPostprocessing = 0;
		};
		4FEC85F81E6FFFCE006DC4DB /* Sources */ = {
			isa = PBXSourcesBuildPhase;
			buildActionMask = 2147483647;
			files = (
				4FEC86011E6FFFCE006DC4DB /* CustomeAlertViewTests.m in Sources */,
			);
			runOnlyForDeploymentPostprocessing = 0;
		};
		4FEC86031E6FFFCE006DC4DB /* Sources */ = {
			isa = PBXSourcesBuildPhase;
			buildActionMask = 2147483647;
			files = (
				4FEC860C1E6FFFCE006DC4DB /* CustomeAlertViewUITests.m in Sources */,
			);
			runOnlyForDeploymentPostprocessing = 0;
		};
/* End PBXSourcesBuildPhase section */

/* Begin PBXTargetDependency section */
		4FEC85FE1E6FFFCE006DC4DB /* PBXTargetDependency */ = {
			isa = PBXTargetDependency;
			target = 4FEC85E21E6FFFCE006DC4DB /* CustomeAlertView */;
			targetProxy = 4FEC85FD1E6FFFCE006DC4DB /* PBXContainerItemProxy */;
		};
		4FEC86091E6FFFCE006DC4DB /* PBXTargetDependency */ = {
			isa = PBXTargetDependency;
			target = 4FEC85E21E6FFFCE006DC4DB /* CustomeAlertView */;
			targetProxy = 4FEC86081E6FFFCE006DC4DB /* PBXContainerItemProxy */;
		};
/* End PBXTargetDependency section */

/* Begin PBXVariantGroup section */
		4FEC85EF1E6FFFCE006DC4DB /* Main.storyboard */ = {
			isa = PBXVariantGroup;
			children = (
				4FEC85F01E6FFFCE006DC4DB /* Base */,
			);
			name = Main.storyboard;
			sourceTree = "<group>";
		};
		4FEC85F41E6FFFCE006DC4DB /* LaunchScreen.storyboard */ = {
			isa = PBXVariantGroup;
			children = (
				4FEC85F51E6FFFCE006DC4DB /* Base */,
			);
			name = LaunchScreen.storyboard;
			sourceTree = "<group>";
		};
/* End PBXVariantGroup section */

/* Begin XCBuildConfiguration section */
		4FEC860E1E6FFFCE006DC4DB /* Debug */ = {
			isa = XCBuildConfiguration;
			buildSettings = {
				ALWAYS_SEARCH_USER_PATHS = NO;
				CLANG_ANALYZER_NONNULL = YES;
				CLANG_CXX_LANGUAGE_STANDARD = "gnu++0x";
				CLANG_CXX_LIBRARY = "libc++";
				CLANG_ENABLE_MODULES = YES;
				CLANG_ENABLE_OBJC_ARC = YES;
				CLANG_WARN_BOOL_CONVERSION = YES;
				CLANG_WARN_CONSTANT_CONVERSION = YES;
				CLANG_WARN_DIRECT_OBJC_ISA_USAGE = YES_ERROR;
				CLANG_WARN_DOCUMENTATION_COMMENTS = YES;
				CLANG_WARN_EMPTY_BODY = YES;
				CLANG_WARN_ENUM_CONVERSION = YES;
				CLANG_WARN_INFINITE_RECURSION = YES;
				CLANG_WARN_INT_CONVERSION = YES;
				CLANG_WARN_OBJC_ROOT_CLASS = YES_ERROR;
				CLANG_WARN_SUSPICIOUS_MOVE = YES;
				CLANG_WARN_UNREACHABLE_CODE = YES;
				CLANG_WARN__DUPLICATE_METHOD_MATCH = YES;
				"CODE_SIGN_IDENTITY[sdk=iphoneos*]" = "iPhone Developer";
				COPY_PHASE_STRIP = NO;
				DEBUG_INFORMATION_FORMAT = dwarf;
				ENABLE_STRICT_OBJC_MSGSEND = YES;
				ENABLE_TESTABILITY = YES;
				GCC_C_LANGUAGE_STANDARD = gnu99;
				GCC_DYNAMIC_NO_PIC = NO;
				GCC_NO_COMMON_BLOCKS = YES;
				GCC_OPTIMIZATION_LEVEL = 0;
				GCC_PREPROCESSOR_DEFINITIONS = (
					"DEBUG=1",
					"$(inherited)",
				);
				GCC_WARN_64_TO_32_BIT_CONVERSION = YES;
				GCC_WARN_ABOUT_RETURN_TYPE = YES_ERROR;
				GCC_WARN_UNDECLARED_SELECTOR = YES;
				GCC_WARN_UNINITIALIZED_AUTOS = YES_AGGRESSIVE;
				GCC_WARN_UNUSED_FUNCTION = YES;
				GCC_WARN_UNUSED_VARIABLE = YES;
				IPHONEOS_DEPLOYMENT_TARGET = 10.2;
				MTL_ENABLE_DEBUG_INFO = YES;
				ONLY_ACTIVE_ARCH = YES;
				SDKROOT = iphoneos;
				TARGETED_DEVICE_FAMILY = "1,2";
			};
			name = Debug;
		};
		4FEC860F1E6FFFCE006DC4DB /* Release */ = {
			isa = XCBuildConfiguration;
			buildSettings = {
				ALWAYS_SEARCH_USER_PATHS = NO;
				CLANG_ANALYZER_NONNULL = YES;
				CLANG_CXX_LANGUAGE_STANDARD = "gnu++0x";
				CLANG_CXX_LIBRARY = "libc++";
				CLANG_ENABLE_MODULES = YES;
				CLANG_ENABLE_OBJC_ARC = YES;
				CLANG_WARN_BOOL_CONVERSION = YES;
				CLANG_WARN_CONSTANT_CONVERSION = YES;
				CLANG_WARN_DIRECT_OBJC_ISA_USAGE = YES_ERROR;
				CLANG_WARN_DOCUMENTATION_COMMENTS = YES;
				CLANG_WARN_EMPTY_BODY = YES;
				CLANG_WARN_ENUM_CONVERSION = YES;
				CLANG_WARN_INFINITE_RECURSION = YES;
				CLANG_WARN_INT_CONVERSION = YES;
				CLANG_WARN_OBJC_ROOT_CLASS = YES_ERROR;
				CLANG_WARN_SUSPICIOUS_MOVE = YES;
				CLANG_WARN_UNREACHABLE_CODE = YES;
				CLANG_WARN__DUPLICATE_METHOD_MATCH = YES;
				"CODE_SIGN_IDENTITY[sdk=iphoneos*]" = "iPhone Developer";
				COPY_PHASE_STRIP = NO;
				DEBUG_INFORMATION_FORMAT = "dwarf-with-dsym";
				ENABLE_NS_ASSERTIONS = NO;
				ENABLE_STRICT_OBJC_MSGSEND = YES;
				GCC_C_LANGUAGE_STANDARD = gnu99;
				GCC_NO_COMMON_BLOCKS = YES;
				GCC_WARN_64_TO_32_BIT_CONVERSION = YES;
				GCC_WARN_ABOUT_RETURN_TYPE = YES_ERROR;
				GCC_WARN_UNDECLARED_SELECTOR = YES;
				GCC_WARN_UNINITIALIZED_AUTOS = YES_AGGRESSIVE;
				GCC_WARN_UNUSED_FUNCTION = YES;
				GCC_WARN_UNUSED_VARIABLE = YES;
				IPHONEOS_DEPLOYMENT_TARGET = 10.2;
				MTL_ENABLE_DEBUG_INFO = NO;
				SDKROOT = iphoneos;
				TARGETED_DEVICE_FAMILY = "1,2";
				VALIDATE_PRODUCT = YES;
			};
			name = Release;
		};
		4FEC86111E6FFFCE006DC4DB /* Debug */ = {
			isa = XCBuildConfiguration;
			buildSettings = {
				ASSETCATALOG_COMPILER_APPICON_NAME = AppIcon;
				DEVELOPMENT_TEAM = 3MJ89ESJZN;
				INFOPLIST_FILE = CustomeAlertView/Info.plist;
				LD_RUNPATH_SEARCH_PATHS = "$(inherited) @executable_path/Frameworks";
				PRODUCT_BUNDLE_IDENTIFIER = com.bin.CustomeAlertView;
				PRODUCT_NAME = "$(TARGET_NAME)";
			};
			name = Debug;
		};
		4FEC86121E6FFFCE006DC4DB /* Release */ = {
			isa = XCBuildConfiguration;
			buildSettings = {
				ASSETCATALOG_COMPILER_APPICON_NAME = AppIcon;
				DEVELOPMENT_TEAM = 3MJ89ESJZN;
				INFOPLIST_FILE = CustomeAlertView/Info.plist;
				LD_RUNPATH_SEARCH_PATHS = "$(inherited) @executable_path/Frameworks";
				PRODUCT_BUNDLE_IDENTIFIER = com.bin.CustomeAlertView;
				PRODUCT_NAME = "$(TARGET_NAME)";
			};
			name = Release;
		};
		4FEC86141E6FFFCE006DC4DB /* Debug */ = {
			isa = XCBuildConfiguration;
			buildSettings = {
				BUNDLE_LOADER = "$(TEST_HOST)";
				DEVELOPMENT_TEAM = 3MJ89ESJZN;
				INFOPLIST_FILE = CustomeAlertViewTests/Info.plist;
				LD_RUNPATH_SEARCH_PATHS = "$(inherited) @executable_path/Frameworks @loader_path/Frameworks";
				PRODUCT_BUNDLE_IDENTIFIER = com.bin.CustomeAlertViewTests;
				PRODUCT_NAME = "$(TARGET_NAME)";
				TEST_HOST = "$(BUILT_PRODUCTS_DIR)/CustomeAlertView.app/CustomeAlertView";
			};
			name = Debug;
		};
		4FEC86151E6FFFCE006DC4DB /* Release */ = {
			isa = XCBuildConfiguration;
			buildSettings = {
				BUNDLE_LOADER = "$(TEST_HOST)";
				DEVELOPMENT_TEAM = 3MJ89ESJZN;
				INFOPLIST_FILE = CustomeAlertViewTests/Info.plist;
				LD_RUNPATH_SEARCH_PATHS = "$(inherited) @executable_path/Frameworks @loader_path/Frameworks";
				PRODUCT_BUNDLE_IDENTIFIER = com.bin.CustomeAlertViewTests;
				PRODUCT_NAME = "$(TARGET_NAME)";
				TEST_HOST = "$(BUILT_PRODUCTS_DIR)/CustomeAlertView.app/CustomeAlertView";
			};
			name = Release;
		};
		4FEC86171E6FFFCE006DC4DB /* Debug */ = {
			isa = XCBuildConfiguration;
			buildSettings = {
				DEVELOPMENT_TEAM = 3MJ89ESJZN;
				INFOPLIST_FILE = CustomeAlertViewUITests/Info.plist;
				LD_RUNPATH_SEARCH_PATHS = "$(inherited) @executable_path/Frameworks @loader_path/Frameworks";
				PRODUCT_BUNDLE_IDENTIFIER = com.bin.CustomeAlertViewUITests;
				PRODUCT_NAME = "$(TARGET_NAME)";
				TEST_TARGET_NAME = CustomeAlertView;
			};
			name = Debug;
		};
		4FEC86181E6FFFCE006DC4DB /* Release */ = {
			isa = XCBuildConfiguration;
			buildSettings = {
				DEVELOPMENT_TEAM = 3MJ89ESJZN;
				INFOPLIST_FILE = CustomeAlertViewUITests/Info.plist;
				LD_RUNPATH_SEARCH_PATHS = "$(inherited) @executable_path/Frameworks @loader_path/Frameworks";
				PRODUCT_BUNDLE_IDENTIFIER = com.bin.CustomeAlertViewUITests;
				PRODUCT_NAME = "$(TARGET_NAME)";
				TEST_TARGET_NAME = CustomeAlertView;
			};
			name = Release;
		};
/* End XCBuildConfiguration section */

/* Begin XCConfigurationList section */
		4FEC85DE1E6FFFCE006DC4DB /* Build configuration list for PBXProject "CustomeAlertView" */ = {
			isa = XCConfigurationList;
			buildConfigurations = (
				4FEC860E1E6FFFCE006DC4DB /* Debug */,
				4FEC860F1E6FFFCE006DC4DB /* Release */,
			);
			defaultConfigurationIsVisible = 0;
			defaultConfigurationName = Release;
		};
		4FEC86101E6FFFCE006DC4DB /* Build configuration list for PBXNativeTarget "CustomeAlertView" */ = {
			isa = XCConfigurationList;
			buildConfigurations = (
				4FEC86111E6FFFCE006DC4DB /* Debug */,
				4FEC86121E6FFFCE006DC4DB /* Release */,
			);
			defaultConfigurationIsVisible = 0;
		};
		4FEC86131E6FFFCE006DC4DB /* Build configuration list for PBXNativeTarget "CustomeAlertViewTests" */ = {
			isa = XCConfigurationList;
			buildConfigurations = (
				4FEC86141E6FFFCE006DC4DB /* Debug */,
				4FEC86151E6FFFCE006DC4DB /* Release */,
			);
			defaultConfigurationIsVisible = 0;
		};
		4FEC86161E6FFFCE006DC4DB /* Build configuration list for PBXNativeTarget "CustomeAlertViewUITests" */ = {
			isa = XCConfigurationList;
			buildConfigurations = (
				4FEC86171E6FFFCE006DC4DB /* Debug */,
				4FEC86181E6FFFCE006DC4DB /* Release */,
			);
			defaultConfigurationIsVisible = 0;
		};
/* End XCConfigurationList section */
	};
	rootObject = 4FEC85DB1E6FFFCE006DC4DB /* Project object */;
}
